
Microsoft Visual Studio Solution File, Format Version 12.00
# Visual Studio Version 16
VisualStudioVersion = 16.0.31515.178
MinimumVisualStudioVersion = 10.0.40219.1
Project("{FAE04EC0-301F-11D3-BF4B-00C04F79EFBC}") = "Algoritmo 5", "Algoritmo 5\Algoritmo 5.csproj", "{CE7118D9-D55B-48B3-AB19-BD86FC4C5812}"
EndProject
Global
	GlobalSection(SolutionConfigurationPlatforms) = preSolution
		Debug|Any CPU = Debug|Any CPU
		Release|Any CPU = Release|Any CPU
	EndGlobalSection
	GlobalSection(ProjectConfigurationPlatforms) = postSolution
		{CE7118D9-D55B-48B3-AB19-BD86FC4C5812}.Debug|Any CPU.ActiveCfg = Debug|Any CPU
		{CE7118D9-D55B-48B3-AB19-BD86FC4C5812}.Debug|Any CPU.Build.0 = Debug|Any CPU
		{CE7118D9-D55B-48B3-AB19-BD86FC4C5812}.Release|Any CPU.ActiveCfg = Release|Any CPU
		{CE7118D9-D55B-48B3-AB19-BD86FC4C5812}.Release|Any CPU.Build.0 = Release|Any CPU
	EndGlobalSection
	GlobalSection(SolutionProperties) = preSolution
		HideSolutionNode = FALSE
	EndGlobalSection
	GlobalSection(ExtensibilityGlobals) = postSolution
		SolutionGuid = {E1BF1A6A-354E-406C-AEA9-ADF5AA411784}
	EndGlobalSection
EndGlobal
