
Microsoft Visual Studio Solution File, Format Version 12.00
# Visual Studio Version 16
VisualStudioVersion = 16.0.31515.178
MinimumVisualStudioVersion = 10.0.40219.1
Project("{FAE04EC0-301F-11D3-BF4B-00C04F79EFBC}") = "Algoritmo 8", "Algoritmo 8\Algoritmo 8.csproj", "{83B29766-6EBE-476A-B780-015FE556263A}"
EndProject
Global
	GlobalSection(SolutionConfigurationPlatforms) = preSolution
		Debug|Any CPU = Debug|Any CPU
		Release|Any CPU = Release|Any CPU
	EndGlobalSection
	GlobalSection(ProjectConfigurationPlatforms) = postSolution
		{83B29766-6EBE-476A-B780-015FE556263A}.Debug|Any CPU.ActiveCfg = Debug|Any CPU
		{83B29766-6EBE-476A-B780-015FE556263A}.Debug|Any CPU.Build.0 = Debug|Any CPU
		{83B29766-6EBE-476A-B780-015FE556263A}.Release|Any CPU.ActiveCfg = Release|Any CPU
		{83B29766-6EBE-476A-B780-015FE556263A}.Release|Any CPU.Build.0 = Release|Any CPU
	EndGlobalSection
	GlobalSection(SolutionProperties) = preSolution
		HideSolutionNode = FALSE
	EndGlobalSection
	GlobalSection(ExtensibilityGlobals) = postSolution
		SolutionGuid = {04C892DE-64A7-4E80-BA77-3F840F7EF83C}
	EndGlobalSection
EndGlobal
