
Microsoft Visual Studio Solution File, Format Version 12.00
# Visual Studio Version 16
VisualStudioVersion = 16.0.31515.178
MinimumVisualStudioVersion = 10.0.40219.1
Project("{FAE04EC0-301F-11D3-BF4B-00C04F79EFBC}") = "Algoritmo 14", "Algoritmo 14\Algoritmo 14.csproj", "{C8883824-9201-4CFA-81ED-741D9D1EFA5A}"
EndProject
Global
	GlobalSection(SolutionConfigurationPlatforms) = preSolution
		Debug|Any CPU = Debug|Any CPU
		Release|Any CPU = Release|Any CPU
	EndGlobalSection
	GlobalSection(ProjectConfigurationPlatforms) = postSolution
		{C8883824-9201-4CFA-81ED-741D9D1EFA5A}.Debug|Any CPU.ActiveCfg = Debug|Any CPU
		{C8883824-9201-4CFA-81ED-741D9D1EFA5A}.Debug|Any CPU.Build.0 = Debug|Any CPU
		{C8883824-9201-4CFA-81ED-741D9D1EFA5A}.Release|Any CPU.ActiveCfg = Release|Any CPU
		{C8883824-9201-4CFA-81ED-741D9D1EFA5A}.Release|Any CPU.Build.0 = Release|Any CPU
	EndGlobalSection
	GlobalSection(SolutionProperties) = preSolution
		HideSolutionNode = FALSE
	EndGlobalSection
	GlobalSection(ExtensibilityGlobals) = postSolution
		SolutionGuid = {EF9B1F29-21D7-4248-8C3D-02C0C65B2AFC}
	EndGlobalSection
EndGlobal
